
Microsoft Visual Studio Solution File, Format Version 12.00
# Visual Studio Version 16
VisualStudioVersion = 16.0.32228.343
MinimumVisualStudioVersion = 10.0.40219.1
Project("{FAE04EC0-301F-11D3-BF4B-00C04F79EFBC}") = "gwCloudAssessment", "gwCloudAssessment.csproj", "{90A8590A-832E-4F87-B036-116CB2058361}"
EndProject
Global
	GlobalSection(SolutionConfigurationPlatforms) = preSolution
		Debug|Any CPU = Debug|Any CPU
		Release|Any CPU = Release|Any CPU
	EndGlobalSection
	GlobalSection(ProjectConfigurationPlatforms) = postSolution
		{90A8590A-832E-4F87-B036-116CB2058361}.Debug|Any CPU.ActiveCfg = Debug|Any CPU
		{90A8590A-832E-4F87-B036-116CB2058361}.Debug|Any CPU.Build.0 = Debug|Any CPU
		{90A8590A-832E-4F87-B036-116CB2058361}.Release|Any CPU.ActiveCfg = Release|Any CPU
		{90A8590A-832E-4F87-B036-116CB2058361}.Release|Any CPU.Build.0 = Release|Any CPU
	EndGlobalSection
	GlobalSection(SolutionProperties) = preSolution
		HideSolutionNode = FALSE
	EndGlobalSection
	GlobalSection(ExtensibilityGlobals) = postSolution
		SolutionGuid = {0745AB39-6E05-4471-97EF-EE5F20F9A6BF}
	EndGlobalSection
EndGlobal
